
Microsoft Visual Studio Solution File, Format Version 12.00
# Visual Studio Version 17
VisualStudioVersion = 17.14.36408.4 d17.14
MinimumVisualStudioVersion = 10.0.40219.1
Project("{FAE04EC0-301F-11D3-BF4B-00C04F79EFBC}") = "WellBeingDiary", "WellBeingDiary.csproj", "{A9AD9A8E-ECD8-46C7-A77B-2F88E1E068E7}"
EndProject
Global
	GlobalSection(SolutionConfigurationPlatforms) = preSolution
		Debug|Any CPU = Debug|Any CPU
		Release|Any CPU = Release|Any CPU
	EndGlobalSection
	GlobalSection(ProjectConfigurationPlatforms) = postSolution
		{A9AD9A8E-ECD8-46C7-A77B-2F88E1E068E7}.Debug|Any CPU.ActiveCfg = Debug|Any CPU
		{A9AD9A8E-ECD8-46C7-A77B-2F88E1E068E7}.Debug|Any CPU.Build.0 = Debug|Any CPU
		{A9AD9A8E-ECD8-46C7-A77B-2F88E1E068E7}.Release|Any CPU.ActiveCfg = Release|Any CPU
		{A9AD9A8E-ECD8-46C7-A77B-2F88E1E068E7}.Release|Any CPU.Build.0 = Release|Any CPU
	EndGlobalSection
	GlobalSection(SolutionProperties) = preSolution
		HideSolutionNode = FALSE
	EndGlobalSection
	GlobalSection(ExtensibilityGlobals) = postSolution
		SolutionGuid = {CCAACD7D-D09A-41FF-86DE-609933E37C08}
	EndGlobalSection
EndGlobal
